# aite contracts lock — sha256 of aite/contracts/*.py（lock.py 除外）
edb8aba649de2a65dcce78963a88b2656b85c4001198ec998730a1fc091c04e8  aite/contracts/__init__.py
5ae7896209bf70c2d7d83af5cd7dd31da9dfd3c86e81c4e5ae40f316567f741a  aite/contracts/capabilities.py
e45bda8641bfe535a4e27ba3e699fcd0d3db64472202d95e1d34bd90f61aab1a  aite/contracts/config.py
fb3a4c43a577267afa25b9c851f706fe0e6b5825d5587ab577596cf418caf48c  aite/contracts/events.py
cf33b52c8217e32643a3304d531b5660ed495dfa1ab4da26550b3e4e1095140a  aite/contracts/evidence.py
c23175b23922412e37dddd9e19a6a18c4167cd4f8c463c058c9088518dc9cba9  aite/contracts/gateway.py
81ae2e2067a096b83fe5ccf66b83575b42985b9b4eb3f832d38ad94d7a4698c9  aite/contracts/outbound.py
1febf59fa3ff18202252fbce9c6a6aedf98e71ee8477ea060a9688d22c96cd33  aite/contracts/ports.py
72377ccfb65acde1d08188739e0d9d30db4dad29590f97aa0ace741a9b2a6dfd  aite/contracts/protocol.py
e5dcf9c8b72e250b7add90bf30b95ced860fe3059c8385c5e7edc6a57aae6caa  aite/contracts/sandbox.py
16a69d772b007a3deab80eb0c5c77b67f32797fa40a48c2553ce4744f16a7382  aite/contracts/session.py
