# aite contracts lock — sha256 of proto/aite/v1/**, core/crates/contracts/**（__pycache__/target 除外）
82b76fe10ea48f0c9df157a43e952cb7e1f1e7a8128f6c51637aa1ddfd6797f7  core/crates/contracts/Cargo.toml
19054a3065ce9c1e1ae31068dc31f01ff0caef135558ca03dbe74953549f67d5  core/crates/contracts/src/capabilities.rs
c4f8296030a96220f26509c952029f09f0c47100b6c09a7ea776c741b6ca645a  core/crates/contracts/src/config.rs
337ef5d28c4fe0d3ae05c5cd76eb6479e7bfe59647320b25e80131a7ad6cd79e  core/crates/contracts/src/errors.rs
ace6756c661f3ddfba95693b15ca7283b0f34e2174abde64aad20da2c490dacb  core/crates/contracts/src/events.rs
deb49e35c55b26c0e05512c4ad7a87a19afc50c76f3f7bcae497b226795dea49  core/crates/contracts/src/evidence.rs
4b2300243496cbb6b83c8e4991a4db221bf0c1f926b282e07660adf227aad40d  core/crates/contracts/src/gateway.rs
f3052d5d98f7936d5a16f58a54a73a46e4efebd6c8c4d82ab99c7c151bd83bb3  core/crates/contracts/src/lib.rs
715ce5d8b43e38ce36cff801ca28833780d7eca9b1939e08a835ee9f2f51ab71  core/crates/contracts/src/outbound.rs
9f5fd05b9655413985ccbace65e5703b970597c139d2b60e952a2e1dcb3bb5e5  core/crates/contracts/src/ports.rs
b0d0a2f93c0ecd250d6228588c6bfc34292406f59970b2f454884f22c69be237  core/crates/contracts/src/protocol.rs
1b4ded9eb1ad29d7b81bf74c986824fbadd6bb31f94ab2641479b290e9c236ea  core/crates/contracts/src/sandbox.rs
851f365e8357ccaee746d19e640f53e9f8404dd410d45e3fab5f6a001171d3b9  core/crates/contracts/src/session.rs
e7614be9e6c17d8cf15f06cc9fb23f9ade3e56344e6fbd964e026f0e83252d59  core/crates/contracts/tests/config.rs
87a6c865c6e5108dfb13eb9b78e37b2253b279ecb856d43ff4445cf754622024  core/crates/contracts/tests/evidence_vectors.rs
3d328e896395ed8e580f2e877a9d73d305470e2ef959b2a974dd459f086a3300  core/crates/contracts/tests/frozen_values.rs
3c72d4b125a36c3e5dd1b102cfde7aa72f30d060ff62bb252d14923da7322eb7  core/crates/contracts/tests/layout.rs
9cfd11b051f1211ce82d58e8827ca70c4df037a34c67b53f6424310a2783ab80  core/crates/contracts/tests/protocol_tools.rs
5a443e9ad110bd922d9482729bb3856f31a3e3ddef4037e3c4d540ffdb372aa1  core/crates/contracts/tests/roundtrip.rs
75234427356411cf7dd9e7d82128d07314aef8ff7e2dbf524b3f661f150413eb  core/crates/contracts/tests/task_no.rs
94671a706c28ca4f35e9b786c67941aa5c0e8cdf61fd9c06e8d03ba830608475  proto/aite/v1/capabilities.proto
1abdef0013fa264004b9e4cf49cda0114c84e0fcec141c1aca634cacf2e8c185  proto/aite/v1/edge.proto
93d77be945690af208122a4245b852c30f96f0fd5307bdd1e6f69a5164f54aed  proto/aite/v1/events.proto
26ad6e89ed845a571a084d95945c2c9fb33bb03f43441fdbbb29878959dd1542  proto/aite/v1/outbound.proto
c66faf5cad6c7c672c452bffbaec11c9b09750df0c653cb45cdf9ebcb7e6bb6c  proto/aite/v1/sandbox.proto
